
Microsoft Visual Studio Solution File, Format Version 12.00
# Visual Studio Version 16
VisualStudioVersion = 16.0.31613.86
MinimumVisualStudioVersion = 10.0.40219.1
Project("{FAE04EC0-301F-11D3-BF4B-00C04F79EFBC}") = "Panorama_Alexa", "Panorama_Alexa\Panorama_Alexa.csproj", "{F15043FA-E9D5-4701-B0D5-761CC7CDD7EA}"
EndProject
Global
	GlobalSection(SolutionConfigurationPlatforms) = preSolution
		Debug|Any CPU = Debug|Any CPU
		Release|Any CPU = Release|Any CPU
	EndGlobalSection
	GlobalSection(ProjectConfigurationPlatforms) = postSolution
		{F15043FA-E9D5-4701-B0D5-761CC7CDD7EA}.Debug|Any CPU.ActiveCfg = Debug|Any CPU
		{F15043FA-E9D5-4701-B0D5-761CC7CDD7EA}.Debug|Any CPU.Build.0 = Debug|Any CPU
		{F15043FA-E9D5-4701-B0D5-761CC7CDD7EA}.Release|Any CPU.ActiveCfg = Release|Any CPU
		{F15043FA-E9D5-4701-B0D5-761CC7CDD7EA}.Release|Any CPU.Build.0 = Release|Any CPU
	EndGlobalSection
	GlobalSection(SolutionProperties) = preSolution
		HideSolutionNode = FALSE
	EndGlobalSection
	GlobalSection(ExtensibilityGlobals) = postSolution
		SolutionGuid = {A064EFE0-9754-4781-BAB6-9D4AB3E8DE4E}
	EndGlobalSection
EndGlobal
